
Microsoft Visual Studio Solution File, Format Version 12.00
# Visual Studio 2013
VisualStudioVersion = 12.0.40629.0
MinimumVisualStudioVersion = 10.0.40219.1
Project("{FAE04EC0-301F-11D3-BF4B-00C04F79EFBC}") = "Labb1WCF", "Labb1WCF\Labb1WCF.csproj", "{80C853F2-7127-42EF-9548-31EF3339794E}"
	ProjectSection(ProjectDependencies) = postProject
		{20E1AE59-BAF5-4F54-AC4B-A54921820398} = {20E1AE59-BAF5-4F54-AC4B-A54921820398}
		{1BF91391-EB79-45C0-8889-33C81D586CDF} = {1BF91391-EB79-45C0-8889-33C81D586CDF}
		{474ADD97-A3F6-41DB-85BF-370E88FA16C4} = {474ADD97-A3F6-41DB-85BF-370E88FA16C4}
		{8B8206A2-973A-4813-84FD-3753F4F96DDA} = {8B8206A2-973A-4813-84FD-3753F4F96DDA}
		{6A3020C3-CB20-49A5-9890-C27506A77571} = {6A3020C3-CB20-49A5-9890-C27506A77571}
		{16F095DF-7CF1-408D-9068-5B4D45BBCEE8} = {16F095DF-7CF1-408D-9068-5B4D45BBCEE8}
		{FB9291EE-36A0-4DCA-9628-426519CB6355} = {FB9291EE-36A0-4DCA-9628-426519CB6355}
	EndProjectSection
EndProject
Project("{FAE04EC0-301F-11D3-BF4B-00C04F79EFBC}") = "WcfService1", "WcfService1\WcfService1.csproj", "{1BF91391-EB79-45C0-8889-33C81D586CDF}"
EndProject
Project("{FAE04EC0-301F-11D3-BF4B-00C04F79EFBC}") = "WcfService2", "WcfService2\WcfService2.csproj", "{20E1AE59-BAF5-4F54-AC4B-A54921820398}"
EndProject
Project("{FAE04EC0-301F-11D3-BF4B-00C04F79EFBC}") = "WcfService3", "WcfService3\WcfService3.csproj", "{6A3020C3-CB20-49A5-9890-C27506A77571}"
EndProject
Project("{FAE04EC0-301F-11D3-BF4B-00C04F79EFBC}") = "WcfService4", "WcfService4\WcfService4.csproj", "{8B8206A2-973A-4813-84FD-3753F4F96DDA}"
EndProject
Project("{FAE04EC0-301F-11D3-BF4B-00C04F79EFBC}") = "WcfService5", "WcfService5\WcfService5.csproj", "{16F095DF-7CF1-408D-9068-5B4D45BBCEE8}"
EndProject
Project("{FAE04EC0-301F-11D3-BF4B-00C04F79EFBC}") = "WcfService6_1", "WcfService6_1\WcfService6_1.csproj", "{474ADD97-A3F6-41DB-85BF-370E88FA16C4}"
EndProject
Project("{FAE04EC0-301F-11D3-BF4B-00C04F79EFBC}") = "WcfService6_2", "WcfService6_2\WcfService6_2.csproj", "{FB9291EE-36A0-4DCA-9628-426519CB6355}"
EndProject
Global
	GlobalSection(SolutionConfigurationPlatforms) = preSolution
		Debug|Any CPU = Debug|Any CPU
		Release|Any CPU = Release|Any CPU
	EndGlobalSection
	GlobalSection(ProjectConfigurationPlatforms) = postSolution
		{80C853F2-7127-42EF-9548-31EF3339794E}.Debug|Any CPU.ActiveCfg = Debug|Any CPU
		{80C853F2-7127-42EF-9548-31EF3339794E}.Debug|Any CPU.Build.0 = Debug|Any CPU
		{80C853F2-7127-42EF-9548-31EF3339794E}.Release|Any CPU.ActiveCfg = Release|Any CPU
		{80C853F2-7127-42EF-9548-31EF3339794E}.Release|Any CPU.Build.0 = Release|Any CPU
		{1BF91391-EB79-45C0-8889-33C81D586CDF}.Debug|Any CPU.ActiveCfg = Debug|Any CPU
		{1BF91391-EB79-45C0-8889-33C81D586CDF}.Debug|Any CPU.Build.0 = Debug|Any CPU
		{1BF91391-EB79-45C0-8889-33C81D586CDF}.Release|Any CPU.ActiveCfg = Release|Any CPU
		{1BF91391-EB79-45C0-8889-33C81D586CDF}.Release|Any CPU.Build.0 = Release|Any CPU
		{20E1AE59-BAF5-4F54-AC4B-A54921820398}.Debug|Any CPU.ActiveCfg = Debug|Any CPU
		{20E1AE59-BAF5-4F54-AC4B-A54921820398}.Debug|Any CPU.Build.0 = Debug|Any CPU
		{20E1AE59-BAF5-4F54-AC4B-A54921820398}.Release|Any CPU.ActiveCfg = Release|Any CPU
		{20E1AE59-BAF5-4F54-AC4B-A54921820398}.Release|Any CPU.Build.0 = Release|Any CPU
		{6A3020C3-CB20-49A5-9890-C27506A77571}.Debug|Any CPU.ActiveCfg = Debug|Any CPU
		{6A3020C3-CB20-49A5-9890-C27506A77571}.Debug|Any CPU.Build.0 = Debug|Any CPU
		{6A3020C3-CB20-49A5-9890-C27506A77571}.Release|Any CPU.ActiveCfg = Release|Any CPU
		{6A3020C3-CB20-49A5-9890-C27506A77571}.Release|Any CPU.Build.0 = Release|Any CPU
		{8B8206A2-973A-4813-84FD-3753F4F96DDA}.Debug|Any CPU.ActiveCfg = Debug|Any CPU
		{8B8206A2-973A-4813-84FD-3753F4F96DDA}.Debug|Any CPU.Build.0 = Debug|Any CPU
		{8B8206A2-973A-4813-84FD-3753F4F96DDA}.Release|Any CPU.ActiveCfg = Release|Any CPU
		{8B8206A2-973A-4813-84FD-3753F4F96DDA}.Release|Any CPU.Build.0 = Release|Any CPU
		{16F095DF-7CF1-408D-9068-5B4D45BBCEE8}.Debug|Any CPU.ActiveCfg = Debug|Any CPU
		{16F095DF-7CF1-408D-9068-5B4D45BBCEE8}.Debug|Any CPU.Build.0 = Debug|Any CPU
		{16F095DF-7CF1-408D-9068-5B4D45BBCEE8}.Release|Any CPU.ActiveCfg = Release|Any CPU
		{16F095DF-7CF1-408D-9068-5B4D45BBCEE8}.Release|Any CPU.Build.0 = Release|Any CPU
		{474ADD97-A3F6-41DB-85BF-370E88FA16C4}.Debug|Any CPU.ActiveCfg = Debug|Any CPU
		{474ADD97-A3F6-41DB-85BF-370E88FA16C4}.Debug|Any CPU.Build.0 = Debug|Any CPU
		{474ADD97-A3F6-41DB-85BF-370E88FA16C4}.Release|Any CPU.ActiveCfg = Release|Any CPU
		{474ADD97-A3F6-41DB-85BF-370E88FA16C4}.Release|Any CPU.Build.0 = Release|Any CPU
		{FB9291EE-36A0-4DCA-9628-426519CB6355}.Debug|Any CPU.ActiveCfg = Debug|Any CPU
		{FB9291EE-36A0-4DCA-9628-426519CB6355}.Debug|Any CPU.Build.0 = Debug|Any CPU
		{FB9291EE-36A0-4DCA-9628-426519CB6355}.Release|Any CPU.ActiveCfg = Release|Any CPU
		{FB9291EE-36A0-4DCA-9628-426519CB6355}.Release|Any CPU.Build.0 = Release|Any CPU
	EndGlobalSection
	GlobalSection(SolutionProperties) = preSolution
		HideSolutionNode = FALSE
	EndGlobalSection
EndGlobal
