
Microsoft Visual Studio Solution File, Format Version 12.00
# Visual Studio 14
VisualStudioVersion = 14.0.23107.0
MinimumVisualStudioVersion = 10.0.40219.1
Project("{FAE04EC0-301F-11D3-BF4B-00C04F79EFBC}") = "ECUtbildning.Labb2ClientSolution", "ECUtbildning.Labb2ClientSolution\ECUtbildning.Labb2ClientSolution.csproj", "{85B8CD6D-1C7A-4301-9FD9-379A264EE485}"
EndProject
Project("{FAE04EC0-301F-11D3-BF4B-00C04F79EFBC}") = "ECUtbildning.ClientWinForm", "ECUtbildning.ClientWinForm\ECUtbildning.ClientWinForm.csproj", "{9E490FED-84AA-4D02-9551-6B3E84110687}"
EndProject
Project("{FAE04EC0-301F-11D3-BF4B-00C04F79EFBC}") = "ECUtbildning.ClientWinformAge", "ECUtbildning.ClientWinformAge\ECUtbildning.ClientWinformAge.csproj", "{06D9C5BB-C569-4ED3-9D31-021D8FD48099}"
EndProject
Project("{FAE04EC0-301F-11D3-BF4B-00C04F79EFBC}") = "ECUtbildning.Labb2_2AgeClientWinForm", "ECUtbildning.Labb2_2AgeClientWinForm\ECUtbildning.Labb2_2AgeClientWinForm.csproj", "{C9BE4BE2-7C75-42E1-BD82-0F948F6C9BE6}"
EndProject
Project("{FAE04EC0-301F-11D3-BF4B-00C04F79EFBC}") = "ECUtbildning.Labb2_3ClientWinForm", "ECUtbildning.Labb2_3ClientWinForm\ECUtbildning.Labb2_3ClientWinForm.csproj", "{D6DEDE14-6BE1-4DEC-BEE4-802C8ECA9236}"
EndProject
Project("{FAE04EC0-301F-11D3-BF4B-00C04F79EFBC}") = "ECUtbildning.Labb2_3ClientConsole", "ECUtbildning.Labb2_3ClientConsole\ECUtbildning.Labb2_3ClientConsole.csproj", "{E175E9E1-4F31-412F-B86B-4E3E4A173355}"
EndProject
Project("{2150E333-8FDC-42A3-9474-1A3956D46DE8}") = "1", "1", "{FA40ED09-8B67-464C-A2D6-59AB448A22E8}"
EndProject
Project("{2150E333-8FDC-42A3-9474-1A3956D46DE8}") = "2", "2", "{7038E4D9-0D32-49D8-B691-95F656AAB7B7}"
EndProject
Project("{2150E333-8FDC-42A3-9474-1A3956D46DE8}") = "3", "3", "{ABAB7368-3F31-4F03-B370-7746D980E162}"
EndProject
Project("{2150E333-8FDC-42A3-9474-1A3956D46DE8}") = "4", "4", "{B09176DE-C9F6-48E0-A60E-99B24C4F0F26}"
EndProject
Project("{FAE04EC0-301F-11D3-BF4B-00C04F79EFBC}") = "ECUtbildning.Labb2_4ConsoleClient", "ECUtbildning.Labb2_4ConsoleClient\ECUtbildning.Labb2_4ConsoleClient.csproj", "{737C2894-6790-401A-BEDF-935136B35103}"
EndProject
Project("{FAE04EC0-301F-11D3-BF4B-00C04F79EFBC}") = "ECUtbildning.Labb2_4WinformClient", "ECUtbildning.Labb2_4WinformClient\ECUtbildning.Labb2_4WinformClient.csproj", "{E52C100B-6237-4ED3-8967-52B9180E7EAA}"
EndProject
Global
	GlobalSection(SolutionConfigurationPlatforms) = preSolution
		Debug|Any CPU = Debug|Any CPU
		Release|Any CPU = Release|Any CPU
	EndGlobalSection
	GlobalSection(ProjectConfigurationPlatforms) = postSolution
		{85B8CD6D-1C7A-4301-9FD9-379A264EE485}.Debug|Any CPU.ActiveCfg = Debug|Any CPU
		{85B8CD6D-1C7A-4301-9FD9-379A264EE485}.Debug|Any CPU.Build.0 = Debug|Any CPU
		{85B8CD6D-1C7A-4301-9FD9-379A264EE485}.Release|Any CPU.ActiveCfg = Release|Any CPU
		{85B8CD6D-1C7A-4301-9FD9-379A264EE485}.Release|Any CPU.Build.0 = Release|Any CPU
		{9E490FED-84AA-4D02-9551-6B3E84110687}.Debug|Any CPU.ActiveCfg = Debug|Any CPU
		{9E490FED-84AA-4D02-9551-6B3E84110687}.Debug|Any CPU.Build.0 = Debug|Any CPU
		{9E490FED-84AA-4D02-9551-6B3E84110687}.Release|Any CPU.ActiveCfg = Release|Any CPU
		{9E490FED-84AA-4D02-9551-6B3E84110687}.Release|Any CPU.Build.0 = Release|Any CPU
		{06D9C5BB-C569-4ED3-9D31-021D8FD48099}.Debug|Any CPU.ActiveCfg = Debug|Any CPU
		{06D9C5BB-C569-4ED3-9D31-021D8FD48099}.Debug|Any CPU.Build.0 = Debug|Any CPU
		{06D9C5BB-C569-4ED3-9D31-021D8FD48099}.Release|Any CPU.ActiveCfg = Release|Any CPU
		{06D9C5BB-C569-4ED3-9D31-021D8FD48099}.Release|Any CPU.Build.0 = Release|Any CPU
		{C9BE4BE2-7C75-42E1-BD82-0F948F6C9BE6}.Debug|Any CPU.ActiveCfg = Debug|Any CPU
		{C9BE4BE2-7C75-42E1-BD82-0F948F6C9BE6}.Debug|Any CPU.Build.0 = Debug|Any CPU
		{C9BE4BE2-7C75-42E1-BD82-0F948F6C9BE6}.Release|Any CPU.ActiveCfg = Release|Any CPU
		{C9BE4BE2-7C75-42E1-BD82-0F948F6C9BE6}.Release|Any CPU.Build.0 = Release|Any CPU
		{D6DEDE14-6BE1-4DEC-BEE4-802C8ECA9236}.Debug|Any CPU.ActiveCfg = Debug|Any CPU
		{D6DEDE14-6BE1-4DEC-BEE4-802C8ECA9236}.Debug|Any CPU.Build.0 = Debug|Any CPU
		{D6DEDE14-6BE1-4DEC-BEE4-802C8ECA9236}.Release|Any CPU.ActiveCfg = Release|Any CPU
		{D6DEDE14-6BE1-4DEC-BEE4-802C8ECA9236}.Release|Any CPU.Build.0 = Release|Any CPU
		{E175E9E1-4F31-412F-B86B-4E3E4A173355}.Debug|Any CPU.ActiveCfg = Debug|Any CPU
		{E175E9E1-4F31-412F-B86B-4E3E4A173355}.Debug|Any CPU.Build.0 = Debug|Any CPU
		{E175E9E1-4F31-412F-B86B-4E3E4A173355}.Release|Any CPU.ActiveCfg = Release|Any CPU
		{E175E9E1-4F31-412F-B86B-4E3E4A173355}.Release|Any CPU.Build.0 = Release|Any CPU
		{737C2894-6790-401A-BEDF-935136B35103}.Debug|Any CPU.ActiveCfg = Debug|Any CPU
		{737C2894-6790-401A-BEDF-935136B35103}.Debug|Any CPU.Build.0 = Debug|Any CPU
		{737C2894-6790-401A-BEDF-935136B35103}.Release|Any CPU.ActiveCfg = Release|Any CPU
		{737C2894-6790-401A-BEDF-935136B35103}.Release|Any CPU.Build.0 = Release|Any CPU
		{E52C100B-6237-4ED3-8967-52B9180E7EAA}.Debug|Any CPU.ActiveCfg = Debug|Any CPU
		{E52C100B-6237-4ED3-8967-52B9180E7EAA}.Debug|Any CPU.Build.0 = Debug|Any CPU
		{E52C100B-6237-4ED3-8967-52B9180E7EAA}.Release|Any CPU.ActiveCfg = Release|Any CPU
		{E52C100B-6237-4ED3-8967-52B9180E7EAA}.Release|Any CPU.Build.0 = Release|Any CPU
	EndGlobalSection
	GlobalSection(SolutionProperties) = preSolution
		HideSolutionNode = FALSE
	EndGlobalSection
	GlobalSection(NestedProjects) = preSolution
		{85B8CD6D-1C7A-4301-9FD9-379A264EE485} = {FA40ED09-8B67-464C-A2D6-59AB448A22E8}
		{9E490FED-84AA-4D02-9551-6B3E84110687} = {FA40ED09-8B67-464C-A2D6-59AB448A22E8}
		{06D9C5BB-C569-4ED3-9D31-021D8FD48099} = {7038E4D9-0D32-49D8-B691-95F656AAB7B7}
		{C9BE4BE2-7C75-42E1-BD82-0F948F6C9BE6} = {7038E4D9-0D32-49D8-B691-95F656AAB7B7}
		{D6DEDE14-6BE1-4DEC-BEE4-802C8ECA9236} = {ABAB7368-3F31-4F03-B370-7746D980E162}
		{E175E9E1-4F31-412F-B86B-4E3E4A173355} = {ABAB7368-3F31-4F03-B370-7746D980E162}
		{737C2894-6790-401A-BEDF-935136B35103} = {B09176DE-C9F6-48E0-A60E-99B24C4F0F26}
		{E52C100B-6237-4ED3-8967-52B9180E7EAA} = {B09176DE-C9F6-48E0-A60E-99B24C4F0F26}
	EndGlobalSection
EndGlobal
