
Microsoft Visual Studio Solution File, Format Version 12.00
# Visual Studio 14
VisualStudioVersion = 14.0.23107.0
MinimumVisualStudioVersion = 10.0.40219.1
Project("{FAE04EC0-301F-11D3-BF4B-00C04F79EFBC}") = "ECUtbildning.SelfService", "ECUtbildning.SelfService\ECUtbildning.SelfService.csproj", "{AEBDDCBC-129C-435E-A688-ADA16BFA0AFA}"
EndProject
Project("{FAE04EC0-301F-11D3-BF4B-00C04F79EFBC}") = "ECUtbildning.WCF_Service", "ECUtbildning.WCF_Service\ECUtbildning.WCF_Service.csproj", "{9C91F203-6212-496C-9EBC-D0FA7A87964E}"
EndProject
Project("{FAE04EC0-301F-11D3-BF4B-00C04F79EFBC}") = "ECUtbildning.AgeService", "ECUtbildning.AgeService\ECUtbildning.AgeService.csproj", "{7B7050C8-D78D-40AE-80A0-BF934996ACC2}"
EndProject
Project("{FAE04EC0-301F-11D3-BF4B-00C04F79EFBC}") = "ECUtbildning.Labb2_2AgeContract", "ECUtbildning.Labb2_2AgeContract\ECUtbildning.Labb2_2AgeContract.csproj", "{75AFBEC3-7899-4B02-A636-1347F53B2F0E}"
EndProject
Project("{FAE04EC0-301F-11D3-BF4B-00C04F79EFBC}") = "ECUtbildning.Labb2_3Service", "ECUtbildning.Labb2_3Service\ECUtbildning.Labb2_3Service.csproj", "{257FD2BD-797E-4CA7-A7B2-FEC6C3F2C5C6}"
EndProject
Project("{FAE04EC0-301F-11D3-BF4B-00C04F79EFBC}") = "ECUtbildning.Labb2_3Contract", "ECUtbildning.Labb2_3Contract\ECUtbildning.Labb2_3Contract.csproj", "{C677E934-26E5-4925-97C6-E41B85C4498F}"
EndProject
Project("{2150E333-8FDC-42A3-9474-1A3956D46DE8}") = "Services", "Services", "{97BB86D5-79E5-4ED3-9196-FE36537327B0}"
EndProject
Project("{2150E333-8FDC-42A3-9474-1A3956D46DE8}") = "Contracts", "Contracts", "{9CA2BA97-8639-4A27-A65D-A18CEB58148C}"
EndProject
Project("{FAE04EC0-301F-11D3-BF4B-00C04F79EFBC}") = "ECUtbildning.Labb2_4HobbyContract", "ECUtbildning.Labb2_4HobbyContract\ECUtbildning.Labb2_4HobbyContract.csproj", "{572F65B2-1F12-49B2-9386-CEBEE8EE2D98}"
EndProject
Project("{FAE04EC0-301F-11D3-BF4B-00C04F79EFBC}") = "ECUtbildning.Labb2_4HobbyService", "ECUtbildning.Labb2_4HobbyService\ECUtbildning.Labb2_4HobbyService.csproj", "{8C20FDEC-E00E-473B-8226-59B26A2AFBF4}"
EndProject
Global
	GlobalSection(SolutionConfigurationPlatforms) = preSolution
		Debug|Any CPU = Debug|Any CPU
		Release|Any CPU = Release|Any CPU
	EndGlobalSection
	GlobalSection(ProjectConfigurationPlatforms) = postSolution
		{AEBDDCBC-129C-435E-A688-ADA16BFA0AFA}.Debug|Any CPU.ActiveCfg = Debug|Any CPU
		{AEBDDCBC-129C-435E-A688-ADA16BFA0AFA}.Debug|Any CPU.Build.0 = Debug|Any CPU
		{AEBDDCBC-129C-435E-A688-ADA16BFA0AFA}.Release|Any CPU.ActiveCfg = Release|Any CPU
		{AEBDDCBC-129C-435E-A688-ADA16BFA0AFA}.Release|Any CPU.Build.0 = Release|Any CPU
		{9C91F203-6212-496C-9EBC-D0FA7A87964E}.Debug|Any CPU.ActiveCfg = Debug|Any CPU
		{9C91F203-6212-496C-9EBC-D0FA7A87964E}.Debug|Any CPU.Build.0 = Debug|Any CPU
		{9C91F203-6212-496C-9EBC-D0FA7A87964E}.Release|Any CPU.ActiveCfg = Release|Any CPU
		{9C91F203-6212-496C-9EBC-D0FA7A87964E}.Release|Any CPU.Build.0 = Release|Any CPU
		{7B7050C8-D78D-40AE-80A0-BF934996ACC2}.Debug|Any CPU.ActiveCfg = Debug|Any CPU
		{7B7050C8-D78D-40AE-80A0-BF934996ACC2}.Debug|Any CPU.Build.0 = Debug|Any CPU
		{7B7050C8-D78D-40AE-80A0-BF934996ACC2}.Release|Any CPU.ActiveCfg = Release|Any CPU
		{7B7050C8-D78D-40AE-80A0-BF934996ACC2}.Release|Any CPU.Build.0 = Release|Any CPU
		{75AFBEC3-7899-4B02-A636-1347F53B2F0E}.Debug|Any CPU.ActiveCfg = Debug|Any CPU
		{75AFBEC3-7899-4B02-A636-1347F53B2F0E}.Debug|Any CPU.Build.0 = Debug|Any CPU
		{75AFBEC3-7899-4B02-A636-1347F53B2F0E}.Release|Any CPU.ActiveCfg = Release|Any CPU
		{75AFBEC3-7899-4B02-A636-1347F53B2F0E}.Release|Any CPU.Build.0 = Release|Any CPU
		{257FD2BD-797E-4CA7-A7B2-FEC6C3F2C5C6}.Debug|Any CPU.ActiveCfg = Debug|Any CPU
		{257FD2BD-797E-4CA7-A7B2-FEC6C3F2C5C6}.Debug|Any CPU.Build.0 = Debug|Any CPU
		{257FD2BD-797E-4CA7-A7B2-FEC6C3F2C5C6}.Release|Any CPU.ActiveCfg = Release|Any CPU
		{257FD2BD-797E-4CA7-A7B2-FEC6C3F2C5C6}.Release|Any CPU.Build.0 = Release|Any CPU
		{C677E934-26E5-4925-97C6-E41B85C4498F}.Debug|Any CPU.ActiveCfg = Debug|Any CPU
		{C677E934-26E5-4925-97C6-E41B85C4498F}.Debug|Any CPU.Build.0 = Debug|Any CPU
		{C677E934-26E5-4925-97C6-E41B85C4498F}.Release|Any CPU.ActiveCfg = Release|Any CPU
		{C677E934-26E5-4925-97C6-E41B85C4498F}.Release|Any CPU.Build.0 = Release|Any CPU
		{572F65B2-1F12-49B2-9386-CEBEE8EE2D98}.Debug|Any CPU.ActiveCfg = Debug|Any CPU
		{572F65B2-1F12-49B2-9386-CEBEE8EE2D98}.Debug|Any CPU.Build.0 = Debug|Any CPU
		{572F65B2-1F12-49B2-9386-CEBEE8EE2D98}.Release|Any CPU.ActiveCfg = Release|Any CPU
		{572F65B2-1F12-49B2-9386-CEBEE8EE2D98}.Release|Any CPU.Build.0 = Release|Any CPU
		{8C20FDEC-E00E-473B-8226-59B26A2AFBF4}.Debug|Any CPU.ActiveCfg = Debug|Any CPU
		{8C20FDEC-E00E-473B-8226-59B26A2AFBF4}.Debug|Any CPU.Build.0 = Debug|Any CPU
		{8C20FDEC-E00E-473B-8226-59B26A2AFBF4}.Release|Any CPU.ActiveCfg = Release|Any CPU
		{8C20FDEC-E00E-473B-8226-59B26A2AFBF4}.Release|Any CPU.Build.0 = Release|Any CPU
	EndGlobalSection
	GlobalSection(SolutionProperties) = preSolution
		HideSolutionNode = FALSE
	EndGlobalSection
	GlobalSection(NestedProjects) = preSolution
		{AEBDDCBC-129C-435E-A688-ADA16BFA0AFA} = {9CA2BA97-8639-4A27-A65D-A18CEB58148C}
		{9C91F203-6212-496C-9EBC-D0FA7A87964E} = {97BB86D5-79E5-4ED3-9196-FE36537327B0}
		{7B7050C8-D78D-40AE-80A0-BF934996ACC2} = {97BB86D5-79E5-4ED3-9196-FE36537327B0}
		{75AFBEC3-7899-4B02-A636-1347F53B2F0E} = {9CA2BA97-8639-4A27-A65D-A18CEB58148C}
		{257FD2BD-797E-4CA7-A7B2-FEC6C3F2C5C6} = {97BB86D5-79E5-4ED3-9196-FE36537327B0}
		{C677E934-26E5-4925-97C6-E41B85C4498F} = {9CA2BA97-8639-4A27-A65D-A18CEB58148C}
		{572F65B2-1F12-49B2-9386-CEBEE8EE2D98} = {9CA2BA97-8639-4A27-A65D-A18CEB58148C}
		{8C20FDEC-E00E-473B-8226-59B26A2AFBF4} = {97BB86D5-79E5-4ED3-9196-FE36537327B0}
	EndGlobalSection
EndGlobal
