
Microsoft Visual Studio Solution File, Format Version 12.00
# Visual Studio 14
VisualStudioVersion = 14.0.23107.0
MinimumVisualStudioVersion = 10.0.40219.1
Project("{FAE04EC0-301F-11D3-BF4B-00C04F79EFBC}") = "ECUtbildning.SelfService", "ECUtbildning.SelfService\ECUtbildning.SelfService.csproj", "{AEBDDCBC-129C-435E-A688-ADA16BFA0AFA}"
EndProject
Project("{FAE04EC0-301F-11D3-BF4B-00C04F79EFBC}") = "ECUtbildning.WCF_Service", "ECUtbildning.WCF_Service\ECUtbildning.WCF_Service.csproj", "{9C91F203-6212-496C-9EBC-D0FA7A87964E}"
EndProject
Project("{FAE04EC0-301F-11D3-BF4B-00C04F79EFBC}") = "ECUtbildning.AgeService", "ECUtbildning.AgeService\ECUtbildning.AgeService.csproj", "{7B7050C8-D78D-40AE-80A0-BF934996ACC2}"
EndProject
Project("{FAE04EC0-301F-11D3-BF4B-00C04F79EFBC}") = "ECUtbildning.Labb2_2AgeContract", "ECUtbildning.Labb2_2AgeContract\ECUtbildning.Labb2_2AgeContract.csproj", "{75AFBEC3-7899-4B02-A636-1347F53B2F0E}"
EndProject
Project("{FAE04EC0-301F-11D3-BF4B-00C04F79EFBC}") = "ECUtbildning.Labb2_3Service", "ECUtbildning.Labb2_3Service\ECUtbildning.Labb2_3Service.csproj", "{257FD2BD-797E-4CA7-A7B2-FEC6C3F2C5C6}"
EndProject
Project("{FAE04EC0-301F-11D3-BF4B-00C04F79EFBC}") = "ECUtbildning.Labb2_3Contract", "ECUtbildning.Labb2_3Contract\ECUtbildning.Labb2_3Contract.csproj", "{C677E934-26E5-4925-97C6-E41B85C4498F}"
EndProject
Global
	GlobalSection(SolutionConfigurationPlatforms) = preSolution
		Debug|Any CPU = Debug|Any CPU
		Release|Any CPU = Release|Any CPU
	EndGlobalSection
	GlobalSection(ProjectConfigurationPlatforms) = postSolution
		{AEBDDCBC-129C-435E-A688-ADA16BFA0AFA}.Debug|Any CPU.ActiveCfg = Debug|Any CPU
		{AEBDDCBC-129C-435E-A688-ADA16BFA0AFA}.Debug|Any CPU.Build.0 = Debug|Any CPU
		{AEBDDCBC-129C-435E-A688-ADA16BFA0AFA}.Release|Any CPU.ActiveCfg = Release|Any CPU
		{AEBDDCBC-129C-435E-A688-ADA16BFA0AFA}.Release|Any CPU.Build.0 = Release|Any CPU
		{9C91F203-6212-496C-9EBC-D0FA7A87964E}.Debug|Any CPU.ActiveCfg = Debug|Any CPU
		{9C91F203-6212-496C-9EBC-D0FA7A87964E}.Debug|Any CPU.Build.0 = Debug|Any CPU
		{9C91F203-6212-496C-9EBC-D0FA7A87964E}.Release|Any CPU.ActiveCfg = Release|Any CPU
		{9C91F203-6212-496C-9EBC-D0FA7A87964E}.Release|Any CPU.Build.0 = Release|Any CPU
		{7B7050C8-D78D-40AE-80A0-BF934996ACC2}.Debug|Any CPU.ActiveCfg = Debug|Any CPU
		{7B7050C8-D78D-40AE-80A0-BF934996ACC2}.Debug|Any CPU.Build.0 = Debug|Any CPU
		{7B7050C8-D78D-40AE-80A0-BF934996ACC2}.Release|Any CPU.ActiveCfg = Release|Any CPU
		{7B7050C8-D78D-40AE-80A0-BF934996ACC2}.Release|Any CPU.Build.0 = Release|Any CPU
		{75AFBEC3-7899-4B02-A636-1347F53B2F0E}.Debug|Any CPU.ActiveCfg = Debug|Any CPU
		{75AFBEC3-7899-4B02-A636-1347F53B2F0E}.Debug|Any CPU.Build.0 = Debug|Any CPU
		{75AFBEC3-7899-4B02-A636-1347F53B2F0E}.Release|Any CPU.ActiveCfg = Release|Any CPU
		{75AFBEC3-7899-4B02-A636-1347F53B2F0E}.Release|Any CPU.Build.0 = Release|Any CPU
		{257FD2BD-797E-4CA7-A7B2-FEC6C3F2C5C6}.Debug|Any CPU.ActiveCfg = Debug|Any CPU
		{257FD2BD-797E-4CA7-A7B2-FEC6C3F2C5C6}.Debug|Any CPU.Build.0 = Debug|Any CPU
		{257FD2BD-797E-4CA7-A7B2-FEC6C3F2C5C6}.Release|Any CPU.ActiveCfg = Release|Any CPU
		{257FD2BD-797E-4CA7-A7B2-FEC6C3F2C5C6}.Release|Any CPU.Build.0 = Release|Any CPU
		{C677E934-26E5-4925-97C6-E41B85C4498F}.Debug|Any CPU.ActiveCfg = Debug|Any CPU
		{C677E934-26E5-4925-97C6-E41B85C4498F}.Debug|Any CPU.Build.0 = Debug|Any CPU
		{C677E934-26E5-4925-97C6-E41B85C4498F}.Release|Any CPU.ActiveCfg = Release|Any CPU
		{C677E934-26E5-4925-97C6-E41B85C4498F}.Release|Any CPU.Build.0 = Release|Any CPU
	EndGlobalSection
	GlobalSection(SolutionProperties) = preSolution
		HideSolutionNode = FALSE
	EndGlobalSection
EndGlobal
